
Microsoft Visual Studio Solution File, Format Version 12.00
# Visual Studio Version 17
VisualStudioVersion = 17.10.35027.167
MinimumVisualStudioVersion = 10.0.40219.1
Project("{2150E333-8FDC-42A3-9474-1A3956D46DE8}") = "Solution Items", "Solution Items", "{0E3C70D7-0FE9-4A84-A951-56B5DD702FF0}"
	ProjectSection(SolutionItems) = preProject
		LICENSE = LICENSE
		README.md = README.md
	EndProjectSection
EndProject
Project("{2150E333-8FDC-42A3-9474-1A3956D46DE8}") = "Samples", "Samples", "{34DAFB30-5B69-4343-843F-59DC7B2E97B4}"
EndProject
Project("{2150E333-8FDC-42A3-9474-1A3956D46DE8}") = "Demos", "Demos", "{09A00B3B-8F77-4679-9F08-3D088246539A}"
EndProject
Project("{FAE04EC0-301F-11D3-BF4B-00C04F79EFBC}") = "AsyncBreakfast", "Samples\AsyncBreakfast\AsyncBreakfast.csproj", "{4CB124EC-7055-4CAB-9395-680B92113445}"
EndProject
Project("{2150E333-8FDC-42A3-9474-1A3956D46DE8}") = "Core", "Core", "{525DB172-BF9A-45C3-8A33-87C3A495581F}"
	ProjectSection(SolutionItems) = preProject
		代办列表.md = 代办列表.md
	EndProjectSection
EndProject
Project("{9A19103F-16F7-4668-BE54-9A1E7A4F7556}") = "EasyNet.Win32", "EasyNet.Win32\EasyNet.Win32.csproj", "{9CD3700A-0DFB-4103-9166-D3EB8F22100D}"
EndProject
Project("{9A19103F-16F7-4668-BE54-9A1E7A4F7556}") = "EasyNet.Extensions", "EasyNet.Extensions\EasyNet.Extensions.csproj", "{D5BEA36F-A8C2-4247-BA72-56C917E2B9C4}"
EndProject
Project("{9A19103F-16F7-4668-BE54-9A1E7A4F7556}") = "EasyNet.Core", "EasyNet.Core\EasyNet.Core.csproj", "{3A940D11-A8DA-4FB4-9998-4A218891D1C1}"
EndProject
Project("{2150E333-8FDC-42A3-9474-1A3956D46DE8}") = "Benchmarks", "Benchmarks", "{D0EDAEF0-8252-4ABF-8560-132B78D03331}"
EndProject
Project("{D954291E-2A0B-460D-934E-DC6B0785DB48}") = "EasyNet.Win32.Shared", "EasyNet.Win32.Shared\EasyNet.Win32.Shared.shproj", "{8146F733-4BA7-417B-8B22-5D155A439380}"
EndProject
Project("{D954291E-2A0B-460D-934E-DC6B0785DB48}") = "EasyNet.Extensions.Shared", "EasyNet.Extensions.Shared\EasyNet.Extensions.Shared.shproj", "{0657E164-AAEC-4710-AC9C-AC75D39587E2}"
EndProject
Project("{FAE04EC0-301F-11D3-BF4B-00C04F79EFBC}") = "EasyNet.Tester", "Demos\EasyNet.Tester\EasyNet.Tester.csproj", "{89D75EF0-68E9-4C5D-8EB7-14A6B3E84D5C}"
EndProject
Project("{FAE04EC0-301F-11D3-BF4B-00C04F79EFBC}") = "Comparer", "Benchmarks\Comparer\Comparer.csproj", "{C2865BF2-F4EA-4555-932C-11E350399776}"
EndProject
Project("{FAE04EC0-301F-11D3-BF4B-00C04F79EFBC}") = "Converter", "Benchmarks\Converter\Converter.csproj", "{02844309-28F7-4934-B409-9F869B6C3F8D}"
EndProject
Project("{9A19103F-16F7-4668-BE54-9A1E7A4F7556}") = "EasyNet.Runner", "EasyNet.Runner\EasyNet.Runner.csproj", "{AEC32E53-C272-42AA-ACE1-97E3DE387C7D}"
EndProject
Project("{FAE04EC0-301F-11D3-BF4B-00C04F79EFBC}") = "CustomTypeConvert", "Samples\CustomTypeConvert\CustomTypeConvert.csproj", "{C7ABF6D3-5FE1-483B-9855-6885D49A8200}"
EndProject
Project("{FAE04EC0-301F-11D3-BF4B-00C04F79EFBC}") = "WebBrowser", "Samples\WebBrowser\WebBrowser.csproj", "{83AEBFA8-0971-4B3F-A8B5-AA0877579AF3}"
EndProject
Project("{FAE04EC0-301F-11D3-BF4B-00C04F79EFBC}") = "EasyNet.Demo", "Demos\EasyNet.Demo\EasyNet.Demo.csproj", "{2B7B9334-FFEA-41E8-98EE-F7114F926804}"
EndProject
Project("{D954291E-2A0B-460D-934E-DC6B0785DB48}") = "EasyNet.Security.Shared", "EasyNet.Security.Shared\EasyNet.Security.Shared.shproj", "{12285F0C-A5EF-4B66-99B5-17E9CF7CAF74}"
EndProject
Project("{FAE04EC0-301F-11D3-BF4B-00C04F79EFBC}") = "CommandLineDemo", "Samples\CommandLineDemo\CommandLineDemo.csproj", "{B6933684-D4D2-4CE3-AD83-458E99D73A6B}"
EndProject
Project("{9A19103F-16F7-4668-BE54-9A1E7A4F7556}") = "DotNetCoreConsole", "Samples\DotNetCoreConsole\DotNetCoreConsole.csproj", "{5828D371-5722-409A-B7F3-41938B25F4E6}"
EndProject
Project("{D954291E-2A0B-460D-934E-DC6B0785DB48}") = "EasyNet.WinForm.Shared", "EasyNet.WinForm.Shared\EasyNet.WinForm.Shared.shproj", "{DAFCF1DB-B1D6-4B25-92E1-52F1320D3920}"
EndProject
Project("{9A19103F-16F7-4668-BE54-9A1E7A4F7556}") = "EasyNet.WinForm", "EasyNet.WinForm\EasyNet.WinForm.csproj", "{0B904FE1-8420-4014-95E8-D60267604E18}"
EndProject
Project("{9A19103F-16F7-4668-BE54-9A1E7A4F7556}") = "EasyNet.Models", "EasyNet.Models\EasyNet.Models.csproj", "{EB0DD976-624F-454F-BD9F-99E850A54F1A}"
EndProject
Project("{FAE04EC0-301F-11D3-BF4B-00C04F79EFBC}") = "EventWaitHandleDemo", "Samples\EventWaitHandleDemo\EventWaitHandleDemo.csproj", "{2C27F855-8026-481F-8FAE-8B5B54242DA1}"
EndProject
Project("{D954291E-2A0B-460D-934E-DC6B0785DB48}") = "EasyNet.Exception.Shared", "EasyNet.Exception.Shared\EasyNet.Exception.Shared.shproj", "{B3391387-771E-4438-A51F-9BDE2147B790}"
EndProject
Project("{D954291E-2A0B-460D-934E-DC6B0785DB48}") = "EasyNet.InstallChecker", "EasyNet.InstallChecker\EasyNet.InstallChecker.shproj", "{94249C24-FBA0-42EC-97A8-7A8A41B4BF11}"
EndProject
Global
	GlobalSection(SolutionConfigurationPlatforms) = preSolution
		Debug|Any CPU = Debug|Any CPU
		Release|Any CPU = Release|Any CPU
	EndGlobalSection
	GlobalSection(ProjectConfigurationPlatforms) = postSolution
		{4CB124EC-7055-4CAB-9395-680B92113445}.Debug|Any CPU.ActiveCfg = Debug|Any CPU
		{4CB124EC-7055-4CAB-9395-680B92113445}.Debug|Any CPU.Build.0 = Debug|Any CPU
		{4CB124EC-7055-4CAB-9395-680B92113445}.Release|Any CPU.ActiveCfg = Release|Any CPU
		{4CB124EC-7055-4CAB-9395-680B92113445}.Release|Any CPU.Build.0 = Release|Any CPU
		{9CD3700A-0DFB-4103-9166-D3EB8F22100D}.Debug|Any CPU.ActiveCfg = Debug|Any CPU
		{9CD3700A-0DFB-4103-9166-D3EB8F22100D}.Debug|Any CPU.Build.0 = Debug|Any CPU
		{9CD3700A-0DFB-4103-9166-D3EB8F22100D}.Release|Any CPU.ActiveCfg = Release|Any CPU
		{9CD3700A-0DFB-4103-9166-D3EB8F22100D}.Release|Any CPU.Build.0 = Release|Any CPU
		{D5BEA36F-A8C2-4247-BA72-56C917E2B9C4}.Debug|Any CPU.ActiveCfg = Debug|Any CPU
		{D5BEA36F-A8C2-4247-BA72-56C917E2B9C4}.Debug|Any CPU.Build.0 = Debug|Any CPU
		{D5BEA36F-A8C2-4247-BA72-56C917E2B9C4}.Release|Any CPU.ActiveCfg = Release|Any CPU
		{D5BEA36F-A8C2-4247-BA72-56C917E2B9C4}.Release|Any CPU.Build.0 = Release|Any CPU
		{3A940D11-A8DA-4FB4-9998-4A218891D1C1}.Debug|Any CPU.ActiveCfg = Debug|Any CPU
		{3A940D11-A8DA-4FB4-9998-4A218891D1C1}.Debug|Any CPU.Build.0 = Debug|Any CPU
		{3A940D11-A8DA-4FB4-9998-4A218891D1C1}.Release|Any CPU.ActiveCfg = Release|Any CPU
		{3A940D11-A8DA-4FB4-9998-4A218891D1C1}.Release|Any CPU.Build.0 = Release|Any CPU
		{89D75EF0-68E9-4C5D-8EB7-14A6B3E84D5C}.Debug|Any CPU.ActiveCfg = Debug|Any CPU
		{89D75EF0-68E9-4C5D-8EB7-14A6B3E84D5C}.Debug|Any CPU.Build.0 = Debug|Any CPU
		{89D75EF0-68E9-4C5D-8EB7-14A6B3E84D5C}.Release|Any CPU.ActiveCfg = Release|Any CPU
		{89D75EF0-68E9-4C5D-8EB7-14A6B3E84D5C}.Release|Any CPU.Build.0 = Release|Any CPU
		{C2865BF2-F4EA-4555-932C-11E350399776}.Debug|Any CPU.ActiveCfg = Debug|Any CPU
		{C2865BF2-F4EA-4555-932C-11E350399776}.Debug|Any CPU.Build.0 = Debug|Any CPU
		{C2865BF2-F4EA-4555-932C-11E350399776}.Release|Any CPU.ActiveCfg = Release|Any CPU
		{C2865BF2-F4EA-4555-932C-11E350399776}.Release|Any CPU.Build.0 = Release|Any CPU
		{02844309-28F7-4934-B409-9F869B6C3F8D}.Debug|Any CPU.ActiveCfg = Debug|Any CPU
		{02844309-28F7-4934-B409-9F869B6C3F8D}.Debug|Any CPU.Build.0 = Debug|Any CPU
		{02844309-28F7-4934-B409-9F869B6C3F8D}.Release|Any CPU.ActiveCfg = Release|Any CPU
		{02844309-28F7-4934-B409-9F869B6C3F8D}.Release|Any CPU.Build.0 = Release|Any CPU
		{AEC32E53-C272-42AA-ACE1-97E3DE387C7D}.Debug|Any CPU.ActiveCfg = Debug|Any CPU
		{AEC32E53-C272-42AA-ACE1-97E3DE387C7D}.Debug|Any CPU.Build.0 = Debug|Any CPU
		{AEC32E53-C272-42AA-ACE1-97E3DE387C7D}.Release|Any CPU.ActiveCfg = Release|Any CPU
		{AEC32E53-C272-42AA-ACE1-97E3DE387C7D}.Release|Any CPU.Build.0 = Release|Any CPU
		{C7ABF6D3-5FE1-483B-9855-6885D49A8200}.Debug|Any CPU.ActiveCfg = Debug|Any CPU
		{C7ABF6D3-5FE1-483B-9855-6885D49A8200}.Debug|Any CPU.Build.0 = Debug|Any CPU
		{C7ABF6D3-5FE1-483B-9855-6885D49A8200}.Release|Any CPU.ActiveCfg = Release|Any CPU
		{C7ABF6D3-5FE1-483B-9855-6885D49A8200}.Release|Any CPU.Build.0 = Release|Any CPU
		{83AEBFA8-0971-4B3F-A8B5-AA0877579AF3}.Debug|Any CPU.ActiveCfg = Debug|Any CPU
		{83AEBFA8-0971-4B3F-A8B5-AA0877579AF3}.Debug|Any CPU.Build.0 = Debug|Any CPU
		{83AEBFA8-0971-4B3F-A8B5-AA0877579AF3}.Release|Any CPU.ActiveCfg = Release|Any CPU
		{83AEBFA8-0971-4B3F-A8B5-AA0877579AF3}.Release|Any CPU.Build.0 = Release|Any CPU
		{2B7B9334-FFEA-41E8-98EE-F7114F926804}.Debug|Any CPU.ActiveCfg = Debug|Any CPU
		{2B7B9334-FFEA-41E8-98EE-F7114F926804}.Debug|Any CPU.Build.0 = Debug|Any CPU
		{2B7B9334-FFEA-41E8-98EE-F7114F926804}.Release|Any CPU.ActiveCfg = Release|Any CPU
		{2B7B9334-FFEA-41E8-98EE-F7114F926804}.Release|Any CPU.Build.0 = Release|Any CPU
		{B6933684-D4D2-4CE3-AD83-458E99D73A6B}.Debug|Any CPU.ActiveCfg = Debug|Any CPU
		{B6933684-D4D2-4CE3-AD83-458E99D73A6B}.Debug|Any CPU.Build.0 = Debug|Any CPU
		{B6933684-D4D2-4CE3-AD83-458E99D73A6B}.Release|Any CPU.ActiveCfg = Release|Any CPU
		{B6933684-D4D2-4CE3-AD83-458E99D73A6B}.Release|Any CPU.Build.0 = Release|Any CPU
		{5828D371-5722-409A-B7F3-41938B25F4E6}.Debug|Any CPU.ActiveCfg = Debug|Any CPU
		{5828D371-5722-409A-B7F3-41938B25F4E6}.Debug|Any CPU.Build.0 = Debug|Any CPU
		{5828D371-5722-409A-B7F3-41938B25F4E6}.Release|Any CPU.ActiveCfg = Release|Any CPU
		{5828D371-5722-409A-B7F3-41938B25F4E6}.Release|Any CPU.Build.0 = Release|Any CPU
		{0B904FE1-8420-4014-95E8-D60267604E18}.Debug|Any CPU.ActiveCfg = Debug|Any CPU
		{0B904FE1-8420-4014-95E8-D60267604E18}.Debug|Any CPU.Build.0 = Debug|Any CPU
		{0B904FE1-8420-4014-95E8-D60267604E18}.Release|Any CPU.ActiveCfg = Release|Any CPU
		{0B904FE1-8420-4014-95E8-D60267604E18}.Release|Any CPU.Build.0 = Release|Any CPU
		{EB0DD976-624F-454F-BD9F-99E850A54F1A}.Debug|Any CPU.ActiveCfg = Debug|Any CPU
		{EB0DD976-624F-454F-BD9F-99E850A54F1A}.Debug|Any CPU.Build.0 = Debug|Any CPU
		{EB0DD976-624F-454F-BD9F-99E850A54F1A}.Release|Any CPU.ActiveCfg = Release|Any CPU
		{EB0DD976-624F-454F-BD9F-99E850A54F1A}.Release|Any CPU.Build.0 = Release|Any CPU
		{2C27F855-8026-481F-8FAE-8B5B54242DA1}.Debug|Any CPU.ActiveCfg = Debug|Any CPU
		{2C27F855-8026-481F-8FAE-8B5B54242DA1}.Debug|Any CPU.Build.0 = Debug|Any CPU
		{2C27F855-8026-481F-8FAE-8B5B54242DA1}.Release|Any CPU.ActiveCfg = Release|Any CPU
		{2C27F855-8026-481F-8FAE-8B5B54242DA1}.Release|Any CPU.Build.0 = Release|Any CPU
	EndGlobalSection
	GlobalSection(SolutionProperties) = preSolution
		HideSolutionNode = FALSE
	EndGlobalSection
	GlobalSection(NestedProjects) = preSolution
		{4CB124EC-7055-4CAB-9395-680B92113445} = {34DAFB30-5B69-4343-843F-59DC7B2E97B4}
		{9CD3700A-0DFB-4103-9166-D3EB8F22100D} = {525DB172-BF9A-45C3-8A33-87C3A495581F}
		{D5BEA36F-A8C2-4247-BA72-56C917E2B9C4} = {525DB172-BF9A-45C3-8A33-87C3A495581F}
		{3A940D11-A8DA-4FB4-9998-4A218891D1C1} = {525DB172-BF9A-45C3-8A33-87C3A495581F}
		{8146F733-4BA7-417B-8B22-5D155A439380} = {525DB172-BF9A-45C3-8A33-87C3A495581F}
		{0657E164-AAEC-4710-AC9C-AC75D39587E2} = {525DB172-BF9A-45C3-8A33-87C3A495581F}
		{89D75EF0-68E9-4C5D-8EB7-14A6B3E84D5C} = {09A00B3B-8F77-4679-9F08-3D088246539A}
		{C2865BF2-F4EA-4555-932C-11E350399776} = {D0EDAEF0-8252-4ABF-8560-132B78D03331}
		{02844309-28F7-4934-B409-9F869B6C3F8D} = {D0EDAEF0-8252-4ABF-8560-132B78D03331}
		{AEC32E53-C272-42AA-ACE1-97E3DE387C7D} = {525DB172-BF9A-45C3-8A33-87C3A495581F}
		{C7ABF6D3-5FE1-483B-9855-6885D49A8200} = {34DAFB30-5B69-4343-843F-59DC7B2E97B4}
		{83AEBFA8-0971-4B3F-A8B5-AA0877579AF3} = {34DAFB30-5B69-4343-843F-59DC7B2E97B4}
		{2B7B9334-FFEA-41E8-98EE-F7114F926804} = {09A00B3B-8F77-4679-9F08-3D088246539A}
		{12285F0C-A5EF-4B66-99B5-17E9CF7CAF74} = {525DB172-BF9A-45C3-8A33-87C3A495581F}
		{B6933684-D4D2-4CE3-AD83-458E99D73A6B} = {34DAFB30-5B69-4343-843F-59DC7B2E97B4}
		{5828D371-5722-409A-B7F3-41938B25F4E6} = {34DAFB30-5B69-4343-843F-59DC7B2E97B4}
		{DAFCF1DB-B1D6-4B25-92E1-52F1320D3920} = {525DB172-BF9A-45C3-8A33-87C3A495581F}
		{0B904FE1-8420-4014-95E8-D60267604E18} = {525DB172-BF9A-45C3-8A33-87C3A495581F}
		{EB0DD976-624F-454F-BD9F-99E850A54F1A} = {09A00B3B-8F77-4679-9F08-3D088246539A}
		{2C27F855-8026-481F-8FAE-8B5B54242DA1} = {34DAFB30-5B69-4343-843F-59DC7B2E97B4}
		{B3391387-771E-4438-A51F-9BDE2147B790} = {525DB172-BF9A-45C3-8A33-87C3A495581F}
		{94249C24-FBA0-42EC-97A8-7A8A41B4BF11} = {525DB172-BF9A-45C3-8A33-87C3A495581F}
	EndGlobalSection
	GlobalSection(ExtensibilityGlobals) = postSolution
		SolutionGuid = {7281B48E-9A2B-4BBD-AE50-AE5B580D5115}
	EndGlobalSection
	GlobalSection(SharedMSBuildProjectFiles) = preSolution
		EasyNet.Extensions.Shared\EasyNet.Extensions.Shared.projitems*{0657e164-aaec-4710-ac9c-ac75d39587e2}*SharedItemsImports = 13
		EasyNet.Exception.Shared\EasyNet.Exception.Shared.projitems*{0b904fe1-8420-4014-95e8-d60267604e18}*SharedItemsImports = 5
		EasyNet.Extensions.Shared\EasyNet.Extensions.Shared.projitems*{0b904fe1-8420-4014-95e8-d60267604e18}*SharedItemsImports = 5
		EasyNet.InstallChecker\EasyNet.InstallChecker.projitems*{0b904fe1-8420-4014-95e8-d60267604e18}*SharedItemsImports = 5
		EasyNet.WinForm.Shared\EasyNet.WinForm.Shared.projitems*{0b904fe1-8420-4014-95e8-d60267604e18}*SharedItemsImports = 5
		EasyNet.Security.Shared\EasyNet.Security.Shared.projitems*{12285f0c-a5ef-4b66-99b5-17e9cf7caf74}*SharedItemsImports = 13
		EasyNet.Exception.Shared\EasyNet.Exception.Shared.projitems*{3a940d11-a8da-4fb4-9998-4a218891d1c1}*SharedItemsImports = 5
		EasyNet.Extensions.Shared\EasyNet.Extensions.Shared.projitems*{3a940d11-a8da-4fb4-9998-4a218891d1c1}*SharedItemsImports = 5
		EasyNet.Security.Shared\EasyNet.Security.Shared.projitems*{3a940d11-a8da-4fb4-9998-4a218891d1c1}*SharedItemsImports = 5
		EasyNet.Win32.Shared\EasyNet.Win32.Shared.projitems*{3a940d11-a8da-4fb4-9998-4a218891d1c1}*SharedItemsImports = 5
		EasyNet.WinForm.Shared\EasyNet.WinForm.Shared.projitems*{3a940d11-a8da-4fb4-9998-4a218891d1c1}*SharedItemsImports = 5
		EasyNet.Win32.Shared\EasyNet.Win32.Shared.projitems*{8146f733-4ba7-417b-8b22-5d155a439380}*SharedItemsImports = 13
		EasyNet.InstallChecker\EasyNet.InstallChecker.projitems*{94249c24-fba0-42ec-97a8-7a8a41b4bf11}*SharedItemsImports = 13
		EasyNet.Win32.Shared\EasyNet.Win32.Shared.projitems*{9cd3700a-0dfb-4103-9166-d3eb8f22100d}*SharedItemsImports = 5
		EasyNet.Exception.Shared\EasyNet.Exception.Shared.projitems*{b3391387-771e-4438-a51f-9bde2147b790}*SharedItemsImports = 13
		EasyNet.Exception.Shared\EasyNet.Exception.Shared.projitems*{d5bea36f-a8c2-4247-ba72-56c917e2b9c4}*SharedItemsImports = 5
		EasyNet.Extensions.Shared\EasyNet.Extensions.Shared.projitems*{d5bea36f-a8c2-4247-ba72-56c917e2b9c4}*SharedItemsImports = 5
		EasyNet.WinForm.Shared\EasyNet.WinForm.Shared.projitems*{dafcf1db-b1d6-4b25-92e1-52f1320d3920}*SharedItemsImports = 13
	EndGlobalSection
EndGlobal
